
Microsoft Visual Studio Solution File, Format Version 12.00
# Visual Studio Version 17
VisualStudioVersion = 17.8.34511.84
MinimumVisualStudioVersion = 10.0.40219.1
Project("{FAE04EC0-301F-11D3-BF4B-00C04F79EFBC}") = "AWS-Lambda-Scheduler", "src\AWS-Lambda-Scheduler\AWS-Lambda-Scheduler.csproj", "{0173CD6C-953E-4D5A-8E9E-EB9A912B40C6}"
EndProject
Global
	GlobalSection(SolutionConfigurationPlatforms) = preSolution
		Debug|Any CPU = Debug|Any CPU
		Release|Any CPU = Release|Any CPU
	EndGlobalSection
	GlobalSection(ProjectConfigurationPlatforms) = postSolution
		{0173CD6C-953E-4D5A-8E9E-EB9A912B40C6}.Debug|Any CPU.ActiveCfg = Debug|Any CPU
		{0173CD6C-953E-4D5A-8E9E-EB9A912B40C6}.Debug|Any CPU.Build.0 = Debug|Any CPU
		{0173CD6C-953E-4D5A-8E9E-EB9A912B40C6}.Release|Any CPU.ActiveCfg = Release|Any CPU
		{0173CD6C-953E-4D5A-8E9E-EB9A912B40C6}.Release|Any CPU.Build.0 = Release|Any CPU
	EndGlobalSection
	GlobalSection(SolutionProperties) = preSolution
		HideSolutionNode = FALSE
	EndGlobalSection
	GlobalSection(ExtensibilityGlobals) = postSolution
		SolutionGuid = {8E198327-3457-4DFD-8214-F6C25A7F0086}
	EndGlobalSection
EndGlobal
